PODS:
  - ScrollSegmentsSwift (0.1.0)

DEPENDENCIES:
  - ScrollSegmentsSwift

SPEC REPOS:
  https://github.com/cocoapods/specs.git:
    - ScrollSegmentsSwift

SPEC CHECKSUMS:
  ScrollSegmentsSwift: 21bed52784b31e80b5b9203c2369c62960075b24

PODFILE CHECKSUM: 9faf530a4c31285086f5120f883d26099d27261a

COCOAPODS: 1.6.1
